
Microsoft Visual Studio Solution File, Format Version 12.00
# Visual Studio 2012
Project("{FAE04EC0-301F-11D3-BF4B-00C04F79EFBC}") = "Awesomekit.Android", "Awesomekit.Android.csproj", "{CAAE2B07-371C-48B2-93F6-973A56EE7546}"
EndProject
Global
	GlobalSection(SolutionConfigurationPlatforms) = preSolution
		Debug|Any CPU = Debug|Any CPU
		Release|Any CPU = Release|Any CPU
	EndGlobalSection
	GlobalSection(ProjectConfigurationPlatforms) = postSolution
		{CAAE2B07-371C-48B2-93F6-973A56EE7546}.Debug|Any CPU.ActiveCfg = Debug|Any CPU
		{CAAE2B07-371C-48B2-93F6-973A56EE7546}.Debug|Any CPU.Build.0 = Debug|Any CPU
		{CAAE2B07-371C-48B2-93F6-973A56EE7546}.Release|Any CPU.ActiveCfg = Release|Any CPU
		{CAAE2B07-371C-48B2-93F6-973A56EE7546}.Release|Any CPU.Build.0 = Release|Any CPU
	EndGlobalSection
EndGlobal
